
Microsoft Visual Studio Solution File, Format Version 12.00
# Visual Studio 14
VisualStudioVersion = 14.0.25123.0
MinimumVisualStudioVersion = 10.0.40219.1
Project("{F2A71F9B-5D33-465A-A702-920D77279786}") = "GenerativeTypeProviderExample", "GenerativeTypeProviderExample\GenerativeTypeProviderExample.fsproj", "{5CBC28B4-3227-40AB-9D03-D5F185097991}"
EndProject
Project("{F2A71F9B-5D33-465A-A702-920D77279786}") = "ConsoleApplication1", "ConsoleApplication1\ConsoleApplication1.fsproj", "{1A4670DA-0897-4971-81DC-4186221810C7}"
EndProject
Global
	GlobalSection(SolutionConfigurationPlatforms) = preSolution
		Debug|Any CPU = Debug|Any CPU
		Release|Any CPU = Release|Any CPU
	EndGlobalSection
	GlobalSection(ProjectConfigurationPlatforms) = postSolution
		{5CBC28B4-3227-40AB-9D03-D5F185097991}.Debug|Any CPU.ActiveCfg = Debug|Any CPU
		{5CBC28B4-3227-40AB-9D03-D5F185097991}.Debug|Any CPU.Build.0 = Debug|Any CPU
		{5CBC28B4-3227-40AB-9D03-D5F185097991}.Release|Any CPU.ActiveCfg = Release|Any CPU
		{5CBC28B4-3227-40AB-9D03-D5F185097991}.Release|Any CPU.Build.0 = Release|Any CPU
		{1A4670DA-0897-4971-81DC-4186221810C7}.Debug|Any CPU.ActiveCfg = Debug|Any CPU
		{1A4670DA-0897-4971-81DC-4186221810C7}.Debug|Any CPU.Build.0 = Debug|Any CPU
		{1A4670DA-0897-4971-81DC-4186221810C7}.Release|Any CPU.ActiveCfg = Release|Any CPU
		{1A4670DA-0897-4971-81DC-4186221810C7}.Release|Any CPU.Build.0 = Release|Any CPU
	EndGlobalSection
	GlobalSection(SolutionProperties) = preSolution
		HideSolutionNode = FALSE
	EndGlobalSection
EndGlobal
